// !$*UTF8*$!
{
	archiveVersion = 1;
	classes = {
	};
	objectVersion = 55;
	objects = {

/* Begin PBXBuildFile section */
		15D918CD893947013BEC2562 /* Pods_calc.framework in Frameworks */ = {isa = PBXBuildFile; fileRef = 8622894F5F645FAA82EC2DAA /* Pods_calc.framework */; };
		936DB6B1299FD5E400025ADF /* CalculatorLogic.swift in Sources */ = {isa = PBXBuildFile; fileRef = 936DB6B0299FD5E400025ADF /* CalculatorLogic.swift */; };
		939C5A05299EAC2800A2DF2C /* AppDelegate.swift in Sources */ = {isa = PBXBuildFile; fileRef = 939C5A04299EAC2800A2DF2C /* AppDelegate.swift */; };
		939C5A07299EAC2800A2DF2C /* SceneDelegate.swift in Sources */ = {isa = PBXBuildFile; fileRef = 939C5A06299EAC2800A2DF2C /* SceneDelegate.swift */; };
		939C5A09299EAC2800A2DF2C /* ViewController.swift in Sources */ = {isa = PBXBuildFile; fileRef = 939C5A08299EAC2800A2DF2C /* ViewController.swift */; };
		939C5A0C299EAC2800A2DF2C /* Main.storyboard in Resources */ = {isa = PBXBuildFile; fileRef = 939C5A0A299EAC2800A2DF2C /* Main.storyboard */; };
		939C5A0E299EAC2A00A2DF2C /* Assets.xcassets in Resources */ = {isa = PBXBuildFile; fileRef = 939C5A0D299EAC2A00A2DF2C /* Assets.xcassets */; };
		939C5A11299EAC2A00A2DF2C /* LaunchScreen.storyboard in Resources */ = {isa = PBXBuildFile; fileRef = 939C5A0F299EAC2A00A2DF2C /* LaunchScreen.storyboard */; };
		939C5A1A299EAC9200A2DF2C /* Neumorphic in Frameworks */ = {isa = PBXBuildFile; productRef = 939C5A19299EAC9200A2DF2C /* Neumorphic */; };
		939C5A1C299EF5AE00A2DF2C /* Podfile in Resources */ = {isa = PBXBuildFile; fileRef = 939C5A1B299EF5AE00A2DF2C /* Podfile */; };
/* End PBXBuildFile section */

/* Begin PBXFileReference section */
		19438CFEFDB501967BDC506D /* Pods-calc.debug.xcconfig */ = {isa = PBXFileReference; includeInIndex = 1; lastKnownFileType = text.xcconfig; name = "Pods-calc.debug.xcconfig"; path = "Target Support Files/Pods-calc/Pods-calc.debug.xcconfig"; sourceTree = "<group>"; };
		835B7C813AC095B26CA006CD /* Pods-calc.release.xcconfig */ = {isa = PBXFileReference; includeInIndex = 1; lastKnownFileType = text.xcconfig; name = "Pods-calc.release.xcconfig"; path = "Target Support Files/Pods-calc/Pods-calc.release.xcconfig"; sourceTree = "<group>"; };
		8622894F5F645FAA82EC2DAA /* Pods_calc.framework */ = {isa = PBXFileReference; explicitFileType = wrapper.framework; includeInIndex = 0; path = Pods_calc.framework; sourceTree = BUILT_PRODUCTS_DIR; };
		936DB6B0299FD5E400025ADF /* CalculatorLogic.swift */ = {isa = PBXFileReference; lastKnownFileType = sourcecode.swift; path = CalculatorLogic.swift; sourceTree = "<group>"; };
		939C5A01299EAC2800A2DF2C /* Calculator.app */ = {isa = PBXFileReference; explicitFileType = wrapper.application; includeInIndex = 0; path = Calculator.app; sourceTree = BUILT_PRODUCTS_DIR; };
		939C5A04299EAC2800A2DF2C /* AppDelegate.swift */ = {isa = PBXFileReference; lastKnownFileType = sourcecode.swift; path = AppDelegate.swift; sourceTree = "<group>"; };
		939C5A06299EAC2800A2DF2C /* SceneDelegate.swift */ = {isa = PBXFileReference; lastKnownFileType = sourcecode.swift; path = SceneDelegate.swift; sourceTree = "<group>"; };
		939C5A08299EAC2800A2DF2C /* ViewController.swift */ = {isa = PBXFileReference; lastKnownFileType = sourcecode.swift; path = ViewController.swift; sourceTree = "<group>"; };
		939C5A0B299EAC2800A2DF2C /* Base */ = {isa = PBXFileReference; lastKnownFileType = file.storyboard; name = Base; path = Base.lproj/Main.storyboard; sourceTree = "<group>"; };
		939C5A0D299EAC2A00A2DF2C /* Assets.xcassets */ = {isa = PBXFileReference; lastKnownFileType = folder.assetcatalog; path = Assets.xcassets; sourceTree = "<group>"; };
		939C5A10299EAC2A00A2DF2C /* Base */ = {isa = PBXFileReference; lastKnownFileType = file.storyboard; name = Base; path = Base.lproj/LaunchScreen.storyboard; sourceTree = "<group>"; };
		939C5A12299EAC2A00A2DF2C /* Info.plist */ = {isa = PBXFileReference; lastKnownFileType = text.plist.xml; path = Info.plist; sourceTree = "<group>"; };
		939C5A1B299EF5AE00A2DF2C /* Podfile */ = {isa = PBXFileReference; fileEncoding = 4; lastKnownFileType = text; path = Podfile; sourceTree = SOURCE_ROOT; xcLanguageSpecificationIdentifier = xcode.lang.ruby; };
/* End PBXFileReference section */

/* Begin PBXFrameworksBuildPhase section */
		939C59FE299EAC2800A2DF2C /* Frameworks */ = {
			isa = PBXFrameworksBuildPhase;
			buildActionMask = 2147483647;
			files = (
				939C5A1A299EAC9200A2DF2C /* Neumorphic in Frameworks */,
				15D918CD893947013BEC2562 /* Pods_calc.framework in Frameworks */,
			);
			runOnlyForDeploymentPostprocessing = 0;
		};
/* End PBXFrameworksBuildPhase section */

/* Begin PBXGroup section */
		1EE7DD6C8C0B68214C462FEB /* Frameworks */ = {
			isa = PBXGroup;
			children = (
				8622894F5F645FAA82EC2DAA /* Pods_calc.framework */,
			);
			name = Frameworks;
			sourceTree = "<group>";
		};
		936DB6B2299FD64C00025ADF /* Model */ = {
			isa = PBXGroup;
			children = (
				936DB6B0299FD5E400025ADF /* CalculatorLogic.swift */,
			);
			path = Model;
			sourceTree = "<group>";
		};
		936DB6B3299FD65700025ADF /* Controller */ = {
			isa = PBXGroup;
			children = (
				939C5A08299EAC2800A2DF2C /* ViewController.swift */,
			);
			path = Controller;
			sourceTree = "<group>";
		};
		936DB6B4299FD66600025ADF /* View */ = {
			isa = PBXGroup;
			children = (
				939C5A0A299EAC2800A2DF2C /* Main.storyboard */,
				939C5A0D299EAC2A00A2DF2C /* Assets.xcassets */,
				939C5A0F299EAC2A00A2DF2C /* LaunchScreen.storyboard */,
			);
			path = View;
			sourceTree = "<group>";
		};
		939C59F8299EAC2800A2DF2C = {
			isa = PBXGroup;
			children = (
				939C5A03299EAC2800A2DF2C /* calc */,
				939C5A02299EAC2800A2DF2C /* Products */,
				B7548DA4DAC4D8D67192728D /* Pods */,
				1EE7DD6C8C0B68214C462FEB /* Frameworks */,
			);
			sourceTree = "<group>";
		};
		939C5A02299EAC2800A2DF2C /* Products */ = {
			isa = PBXGroup;
			children = (
				939C5A01299EAC2800A2DF2C /* Calculator.app */,
			);
			name = Products;
			sourceTree = "<group>";
		};
		939C5A03299EAC2800A2DF2C /* calc */ = {
			isa = PBXGroup;
			children = (
				939C5A04299EAC2800A2DF2C /* AppDelegate.swift */,
				939C5A06299EAC2800A2DF2C /* SceneDelegate.swift */,
				936DB6B2299FD64C00025ADF /* Model */,
				936DB6B3299FD65700025ADF /* Controller */,
				936DB6B4299FD66600025ADF /* View */,
				939C5A12299EAC2A00A2DF2C /* Info.plist */,
				939C5A1B299EF5AE00A2DF2C /* Podfile */,
			);
			path = calc;
			sourceTree = "<group>";
		};
		B7548DA4DAC4D8D67192728D /* Pods */ = {
			isa = PBXGroup;
			children = (
				19438CFEFDB501967BDC506D /* Pods-calc.debug.xcconfig */,
				835B7C813AC095B26CA006CD /* Pods-calc.release.xcconfig */,
			);
			path = Pods;
			sourceTree = "<group>";
		};
/* End PBXGroup section */

/* Begin PBXNativeTarget section */
		939C5A00299EAC2800A2DF2C /* Calculator */ = {
			isa = PBXNativeTarget;
			buildConfigurationList = 939C5A15299EAC2A00A2DF2C /* Build configuration list for PBXNativeTarget "Calculator" */;
			buildPhases = (
				8249A88B3FA802C2B3B6BD18 /* [CP] Check Pods Manifest.lock */,
				939C59FD299EAC2800A2DF2C /* Sources */,
				939C59FE299EAC2800A2DF2C /* Frameworks */,
				939C59FF299EAC2800A2DF2C /* Resources */,
				5F0B495DDA688535E2A0E701 /* [CP] Embed Pods Frameworks */,
			);
			buildRules = (
			);
			dependencies = (
			);
			name = Calculator;
			packageProductDependencies = (
				939C5A19299EAC9200A2DF2C /* Neumorphic */,
			);
			productName = calc;
			productReference = 939C5A01299EAC2800A2DF2C /* Calculator.app */;
			productType = "com.apple.product-type.application";
		};
/* End PBXNativeTarget section */

/* Begin PBXProject section */
		939C59F9299EAC2800A2DF2C /* Project object */ = {
			isa = PBXProject;
			attributes = {
				BuildIndependentTargetsInParallel = 1;
				LastSwiftUpdateCheck = 1410;
				LastUpgradeCheck = 1410;
				TargetAttributes = {
					939C5A00299EAC2800A2DF2C = {
						CreatedOnToolsVersion = 14.1;
					};
				};
			};
			buildConfigurationList = 939C59FC299EAC2800A2DF2C /* Build configuration list for PBXProject "Calculator" */;
			compatibilityVersion = "Xcode 13.0";
			developmentRegion = en;
			hasScannedForEncodings = 0;
			knownRegions = (
				en,
				Base,
			);
			mainGroup = 939C59F8299EAC2800A2DF2C;
			packageReferences = (
				939C5A18299EAC9200A2DF2C /* XCRemoteSwiftPackageReference "neumorphic" */,
			);
			productRefGroup = 939C5A02299EAC2800A2DF2C /* Products */;
			projectDirPath = "";
			projectRoot = "";
			targets = (
				939C5A00299EAC2800A2DF2C /* Calculator */,
			);
		};
/* End PBXProject section */

/* Begin PBXResourcesBuildPhase section */
		939C59FF299EAC2800A2DF2C /* Resources */ = {
			isa = PBXResourcesBuildPhase;
			buildActionMask = 2147483647;
			files = (
				939C5A11299EAC2A00A2DF2C /* LaunchScreen.storyboard in Resources */,
				939C5A0E299EAC2A00A2DF2C /* Assets.xcassets in Resources */,
				939C5A1C299EF5AE00A2DF2C /* Podfile in Resources */,
				939C5A0C299EAC2800A2DF2C /* Main.storyboard in Resources */,
			);
			runOnlyForDeploymentPostprocessing = 0;
		};
/* End PBXResourcesBuildPhase section */

/* Begin PBXShellScriptBuildPhase section */
		5F0B495DDA688535E2A0E701 /* [CP] Embed Pods Frameworks */ = {
			isa = PBXShellScriptBuildPhase;
			buildActionMask = 2147483647;
			files = (
			);
			inputFileListPaths = (
				"${PODS_ROOT}/Target Support Files/Pods-calc/Pods-calc-frameworks-${CONFIGURATION}-input-files.xcfilelist",
			);
			name = "[CP] Embed Pods Frameworks";
			outputFileListPaths = (
				"${PODS_ROOT}/Target Support Files/Pods-calc/Pods-calc-frameworks-${CONFIGURATION}-output-files.xcfilelist",
			);
			runOnlyForDeploymentPostprocessing = 0;
			shellPath = /bin/sh;
			shellScript = "\"${PODS_ROOT}/Target Support Files/Pods-calc/Pods-calc-frameworks.sh\"\n";
			showEnvVarsInLog = 0;
		};
		8249A88B3FA802C2B3B6BD18 /* [CP] Check Pods Manifest.lock */ = {
			isa = PBXShellScriptBuildPhase;
			buildActionMask = 2147483647;
			files = (
			);
			inputFileListPaths = (
			);
			inputPaths = (
				"${PODS_PODFILE_DIR_PATH}/Podfile.lock",
				"${PODS_ROOT}/Manifest.lock",
			);
			name = "[CP] Check Pods Manifest.lock";
			outputFileListPaths = (
			);
			outputPaths = (
				"$(DERIVED_FILE_DIR)/Pods-calc-checkManifestLockResult.txt",
			);
			runOnlyForDeploymentPostprocessing = 0;
			shellPath = /bin/sh;
			shellScript = "diff \"${PODS_PODFILE_DIR_PATH}/Podfile.lock\" \"${PODS_ROOT}/Manifest.lock\" > /dev/null\nif [ $? != 0 ] ; then\n    # print error to STDERR\n    echo \"error: The sandbox is not in sync with the Podfile.lock. Run 'pod install' or update your CocoaPods installation.\" >&2\n    exit 1\nfi\n# This output is used by Xcode 'outputs' to avoid re-running this script phase.\necho \"SUCCESS\" > \"${SCRIPT_OUTPUT_FILE_0}\"\n";
			showEnvVarsInLog = 0;
		};
/* End PBXShellScriptBuildPhase section */

/* Begin PBXSourcesBuildPhase section */
		939C59FD299EAC2800A2DF2C /* Sources */ = {
			isa = PBXSourcesBuildPhase;
			buildActionMask = 2147483647;
			files = (
				936DB6B1299FD5E400025ADF /* CalculatorLogic.swift in Sources */,
				939C5A09299EAC2800A2DF2C /* ViewController.swift in Sources */,
				939C5A05299EAC2800A2DF2C /* AppDelegate.swift in Sources */,
				939C5A07299EAC2800A2DF2C /* SceneDelegate.swift in Sources */,
			);
			runOnlyForDeploymentPostprocessing = 0;
		};
/* End PBXSourcesBuildPhase section */

/* Begin PBXVariantGroup section */
		939C5A0A299EAC2800A2DF2C /* Main.storyboard */ = {
			isa = PBXVariantGroup;
			children = (
				939C5A0B299EAC2800A2DF2C /* Base */,
			);
			name = Main.storyboard;
			sourceTree = "<group>";
		};
		939C5A0F299EAC2A00A2DF2C /* LaunchScreen.storyboard */ = {
			isa = PBXVariantGroup;
			children = (
				939C5A10299EAC2A00A2DF2C /* Base */,
			);
			name = LaunchScreen.storyboard;
			sourceTree = "<group>";
		};
/* End PBXVariantGroup section */

/* Begin XCBuildConfiguration section */
		939C5A13299EAC2A00A2DF2C /* Debug */ = {
			isa = XCBuildConfiguration;
			buildSettings = {
				ALWAYS_SEARCH_USER_PATHS = NO;
				CLANG_ANALYZER_NONNULL = YES;
				CLANG_ANALYZER_NUMBER_OBJECT_CONVERSION = YES_AGGRESSIVE;
				CLANG_CXX_LANGUAGE_STANDARD = "gnu++20";
				CLANG_ENABLE_MODULES = YES;
				CLANG_ENABLE_OBJC_ARC = YES;
				CLANG_ENABLE_OBJC_WEAK = YES;
				CLANG_WARN_BLOCK_CAPTURE_AUTORELEASING = YES;
				CLANG_WARN_BOOL_CONVERSION = YES;
				CLANG_WARN_COMMA = YES;
				CLANG_WARN_CONSTANT_CONVERSION = YES;
				CLANG_WARN_DEPRECATED_OBJC_IMPLEMENTATIONS = YES;
				CLANG_WARN_DIRECT_OBJC_ISA_USAGE = YES_ERROR;
				CLANG_WARN_DOCUMENTATION_COMMENTS = YES;
				CLANG_WARN_EMPTY_BODY = YES;
				CLANG_WARN_ENUM_CONVERSION = YES;
				CLANG_WARN_INFINITE_RECURSION = YES;
				CLANG_WARN_INT_CONVERSION = YES;
				CLANG_WARN_NON_LITERAL_NULL_CONVERSION = YES;
				CLANG_WARN_OBJC_IMPLICIT_RETAIN_SELF = YES;
				CLANG_WARN_OBJC_LITERAL_CONVERSION = YES;
				CLANG_WARN_OBJC_ROOT_CLASS = YES_ERROR;
				CLANG_WARN_QUOTED_INCLUDE_IN_FRAMEWORK_HEADER = YES;
				CLANG_WARN_RANGE_LOOP_ANALYSIS = YES;
				CLANG_WARN_STRICT_PROTOTYPES = YES;
				CLANG_WARN_SUSPICIOUS_MOVE = YES;
				CLANG_WARN_UNGUARDED_AVAILABILITY = YES_AGGRESSIVE;
				CLANG_WARN_UNREACHABLE_CODE = YES;
				CLANG_WARN__DUPLICATE_METHOD_MATCH = YES;
				COPY_PHASE_STRIP = NO;
				DEBUG_INFORMATION_FORMAT = dwarf;
				ENABLE_STRICT_OBJC_MSGSEND = YES;
				ENABLE_TESTABILITY = YES;
				GCC_C_LANGUAGE_STANDARD = gnu11;
				GCC_DYNAMIC_NO_PIC = NO;
				GCC_NO_COMMON_BLOCKS = YES;
				GCC_OPTIMIZATION_LEVEL = 0;
				GCC_PREPROCESSOR_DEFINITIONS = (
					"DEBUG=1",
					"$(inherited)",
				);
				GCC_WARN_64_TO_32_BIT_CONVERSION = YES;
				GCC_WARN_ABOUT_RETURN_TYPE = YES_ERROR;
				GCC_WARN_UNDECLARED_SELECTOR = YES;
				GCC_WARN_UNINITIALIZED_AUTOS = YES_AGGRESSIVE;
				GCC_WARN_UNUSED_FUNCTION = YES;
				GCC_WARN_UNUSED_VARIABLE = YES;
				IPHONEOS_DEPLOYMENT_TARGET = 16.1;
				MTL_ENABLE_DEBUG_INFO = INCLUDE_SOURCE;
				MTL_FAST_MATH = YES;
				ONLY_ACTIVE_ARCH = YES;
				SDKROOT = iphoneos;
				SWIFT_ACTIVE_COMPILATION_CONDITIONS = DEBUG;
				SWIFT_OPTIMIZATION_LEVEL = "-Onone";
			};
			name = Debug;
		};
		939C5A14299EAC2A00A2DF2C /* Release */ = {
			isa = XCBuildConfiguration;
			buildSettings = {
				ALWAYS_SEARCH_USER_PATHS = NO;
				CLANG_ANALYZER_NONNULL = YES;
				CLANG_ANALYZER_NUMBER_OBJECT_CONVERSION = YES_AGGRESSIVE;
				CLANG_CXX_LANGUAGE_STANDARD = "gnu++20";
				CLANG_ENABLE_MODULES = YES;
				CLANG_ENABLE_OBJC_ARC = YES;
				CLANG_ENABLE_OBJC_WEAK = YES;
				CLANG_WARN_BLOCK_CAPTURE_AUTORELEASING = YES;
				CLANG_WARN_BOOL_CONVERSION = YES;
				CLANG_WARN_COMMA = YES;
				CLANG_WARN_CONSTANT_CONVERSION = YES;
				CLANG_WARN_DEPRECATED_OBJC_IMPLEMENTATIONS = YES;
				CLANG_WARN_DIRECT_OBJC_ISA_USAGE = YES_ERROR;
				CLANG_WARN_DOCUMENTATION_COMMENTS = YES;
				CLANG_WARN_EMPTY_BODY = YES;
				CLANG_WARN_ENUM_CONVERSION = YES;
				CLANG_WARN_INFINITE_RECURSION = YES;
				CLANG_WARN_INT_CONVERSION = YES;
				CLANG_WARN_NON_LITERAL_NULL_CONVERSION = YES;
				CLANG_WARN_OBJC_IMPLICIT_RETAIN_SELF = YES;
				CLANG_WARN_OBJC_LITERAL_CONVERSION = YES;
				CLANG_WARN_OBJC_ROOT_CLASS = YES_ERROR;
				CLANG_WARN_QUOTED_INCLUDE_IN_FRAMEWORK_HEADER = YES;
				CLANG_WARN_RANGE_LOOP_ANALYSIS = YES;
				CLANG_WARN_STRICT_PROTOTYPES = YES;
				CLANG_WARN_SUSPICIOUS_MOVE = YES;
				CLANG_WARN_UNGUARDED_AVAILABILITY = YES_AGGRESSIVE;
				CLANG_WARN_UNREACHABLE_CODE = YES;
				CLANG_WARN__DUPLICATE_METHOD_MATCH = YES;
				COPY_PHASE_STRIP = NO;
				DEBUG_INFORMATION_FORMAT = "dwarf-with-dsym";
				ENABLE_NS_ASSERTIONS = NO;
				ENABLE_STRICT_OBJC_MSGSEND = YES;
				GCC_C_LANGUAGE_STANDARD = gnu11;
				GCC_NO_COMMON_BLOCKS = YES;
				GCC_WARN_64_TO_32_BIT_CONVERSION = YES;
				GCC_WARN_ABOUT_RETURN_TYPE = YES_ERROR;
				GCC_WARN_UNDECLARED_SELECTOR = YES;
				GCC_WARN_UNINITIALIZED_AUTOS = YES_AGGRESSIVE;
				GCC_WARN_UNUSED_FUNCTION = YES;
				GCC_WARN_UNUSED_VARIABLE = YES;
				IPHONEOS_DEPLOYMENT_TARGET = 16.1;
				MTL_ENABLE_DEBUG_INFO = NO;
				MTL_FAST_MATH = YES;
				SDKROOT = iphoneos;
				SWIFT_COMPILATION_MODE = wholemodule;
				SWIFT_OPTIMIZATION_LEVEL = "-O";
				VALIDATE_PRODUCT = YES;
			};
			name = Release;
		};
		939C5A16299EAC2A00A2DF2C /* Debug */ = {
			isa = XCBuildConfiguration;
			baseConfigurationReference = 19438CFEFDB501967BDC506D /* Pods-calc.debug.xcconfig */;
			buildSettings = {
				ASSETCATALOG_COMPILER_APPICON_NAME = AppIcon;
				ASSETCATALOG_COMPILER_GLOBAL_ACCENT_COLOR_NAME = AccentColor;
				CODE_SIGN_STYLE = Automatic;
				CURRENT_PROJECT_VERSION = 1;
				DEVELOPMENT_TEAM = 63ZB4894ZK;
				GENERATE_INFOPLIST_FILE = YES;
				INFOPLIST_FILE = calc/Info.plist;
				INFOPLIST_KEY_UIApplicationSupportsIndirectInputEvents = YES;
				INFOPLIST_KEY_UILaunchStoryboardName = LaunchScreen;
				INFOPLIST_KEY_UIMainStoryboardFile = Main;
				INFOPLIST_KEY_UISupportedInterfaceOrientations_iPad = "UIInterfaceOrientationPortrait UIInterfaceOrientationPortraitUpsideDown UIInterfaceOrientationLandscapeLeft UIInterfaceOrientationLandscapeRight";
				INFOPLIST_KEY_UISupportedInterfaceOrientations_iPhone = "UIInterfaceOrientationPortrait UIInterfaceOrientationLandscapeLeft UIInterfaceOrientationLandscapeRight";
				LD_RUNPATH_SEARCH_PATHS = (
					"$(inherited)",
					"@executable_path/Frameworks",
				);
				MARKETING_VERSION = 1.0;
				PRODUCT_BUNDLE_IDENTIFIER = com.testapp.calc;
				PRODUCT_NAME = "$(TARGET_NAME)";
				SWIFT_EMIT_LOC_STRINGS = YES;
				SWIFT_VERSION = 5.0;
				TARGETED_DEVICE_FAMILY = "1,2";
			};
			name = Debug;
		};
		939C5A17299EAC2A00A2DF2C /* Release */ = {
			isa = XCBuildConfiguration;
			baseConfigurationReference = 835B7C813AC095B26CA006CD /* Pods-calc.release.xcconfig */;
			buildSettings = {
				ASSETCATALOG_COMPILER_APPICON_NAME = AppIcon;
				ASSETCATALOG_COMPILER_GLOBAL_ACCENT_COLOR_NAME = AccentColor;
				CODE_SIGN_STYLE = Automatic;
				CURRENT_PROJECT_VERSION = 1;
				DEVELOPMENT_TEAM = 63ZB4894ZK;
				GENERATE_INFOPLIST_FILE = YES;
				INFOPLIST_FILE = calc/Info.plist;
				INFOPLIST_KEY_UIApplicationSupportsIndirectInputEvents = YES;
				INFOPLIST_KEY_UILaunchStoryboardName = LaunchScreen;
				INFOPLIST_KEY_UIMainStoryboardFile = Main;
				INFOPLIST_KEY_UISupportedInterfaceOrientations_iPad = "UIInterfaceOrientationPortrait UIInterfaceOrientationPortraitUpsideDown UIInterfaceOrientationLandscapeLeft UIInterfaceOrientationLandscapeRight";
				INFOPLIST_KEY_UISupportedInterfaceOrientations_iPhone = "UIInterfaceOrientationPortrait UIInterfaceOrientationLandscapeLeft UIInterfaceOrientationLandscapeRight";
				LD_RUNPATH_SEARCH_PATHS = (
					"$(inherited)",
					"@executable_path/Frameworks",
				);
				MARKETING_VERSION = 1.0;
				PRODUCT_BUNDLE_IDENTIFIER = com.testapp.calc;
				PRODUCT_NAME = "$(TARGET_NAME)";
				SWIFT_EMIT_LOC_STRINGS = YES;
				SWIFT_VERSION = 5.0;
				TARGETED_DEVICE_FAMILY = "1,2";
			};
			name = Release;
		};
/* End XCBuildConfiguration section */

/* Begin XCConfigurationList section */
		939C59FC299EAC2800A2DF2C /* Build configuration list for PBXProject "Calculator" */ = {
			isa = XCConfigurationList;
			buildConfigurations = (
				939C5A13299EAC2A00A2DF2C /* Debug */,
				939C5A14299EAC2A00A2DF2C /* Release */,
			);
			defaultConfigurationIsVisible = 0;
			defaultConfigurationName = Release;
		};
		939C5A15299EAC2A00A2DF2C /* Build configuration list for PBXNativeTarget "Calculator" */ = {
			isa = XCConfigurationList;
			buildConfigurations = (
				939C5A16299EAC2A00A2DF2C /* Debug */,
				939C5A17299EAC2A00A2DF2C /* Release */,
			);
			defaultConfigurationIsVisible = 0;
			defaultConfigurationName = Release;
		};
/* End XCConfigurationList section */

/* Begin XCRemoteSwiftPackageReference section */
		939C5A18299EAC9200A2DF2C /* XCRemoteSwiftPackageReference "neumorphic" */ = {
			isa = XCRemoteSwiftPackageReference;
			repositoryURL = "https://github.com/costachung/neumorphic/";
			requirement = {
				kind = upToNextMajorVersion;
				minimumVersion = 2.0.5;
			};
		};
/* End XCRemoteSwiftPackageReference section */

/* Begin XCSwiftPackageProductDependency section */
		939C5A19299EAC9200A2DF2C /* Neumorphic */ = {
			isa = XCSwiftPackageProductDependency;
			package = 939C5A18299EAC9200A2DF2C /* XCRemoteSwiftPackageReference "neumorphic" */;
			productName = Neumorphic;
		};
/* End XCSwiftPackageProductDependency section */
	};
	rootObject = 939C59F9299EAC2800A2DF2C /* Project object */;
}
